// !$*UTF8*$!
{
	archiveVersion = 1;
	classes = {
	};
	objectVersion = 50;
	objects = {

/* Begin PBXBuildFile section */
		62A89BD9263A15C40051EADA /* AuthResponse.swift in Sources */ = {isa = PBXBuildFile; fileRef = 62A89BD8263A15C40051EADA /* AuthResponse.swift */; };
		62C7773026381D9E008B2EE0 /* AppDelegate.swift in Sources */ = {isa = PBXBuildFile; fileRef = 62C7772F26381D9E008B2EE0 /* AppDelegate.swift */; };
		62C7773226381D9E008B2EE0 /* SceneDelegate.swift in Sources */ = {isa = PBXBuildFile; fileRef = 62C7773126381D9E008B2EE0 /* SceneDelegate.swift */; };
		62C7773426381D9E008B2EE0 /* DashboardViewController.swift in Sources */ = {isa = PBXBuildFile; fileRef = 62C7773326381D9E008B2EE0 /* DashboardViewController.swift */; };
		62C7773926381D9F008B2EE0 /* Assets.xcassets in Resources */ = {isa = PBXBuildFile; fileRef = 62C7773826381D9F008B2EE0 /* Assets.xcassets */; };
		62C7773C26381D9F008B2EE0 /* LaunchScreen.storyboard in Resources */ = {isa = PBXBuildFile; fileRef = 62C7773A26381D9F008B2EE0 /* LaunchScreen.storyboard */; };
		62C7775126382E90008B2EE0 /* TabBarViewController.swift in Sources */ = {isa = PBXBuildFile; fileRef = 62C7775026382E90008B2EE0 /* TabBarViewController.swift */; };
		62C7775926382EE4008B2EE0 /* SearchViewController.swift in Sources */ = {isa = PBXBuildFile; fileRef = 62C7775826382EE4008B2EE0 /* SearchViewController.swift */; };
		62C7775C26382F13008B2EE0 /* ProfileViewController.swift in Sources */ = {isa = PBXBuildFile; fileRef = 62C7775B26382F13008B2EE0 /* ProfileViewController.swift */; };
		62C7776226382F4C008B2EE0 /* AuthViewController.swift in Sources */ = {isa = PBXBuildFile; fileRef = 62C7776126382F4C008B2EE0 /* AuthViewController.swift */; };
		62C7776626382F63008B2EE0 /* SettingsViewController.swift in Sources */ = {isa = PBXBuildFile; fileRef = 62C7776526382F63008B2EE0 /* SettingsViewController.swift */; };
		62C7776926382F8B008B2EE0 /* DashboardDetailsViewController.swift in Sources */ = {isa = PBXBuildFile; fileRef = 62C7776826382F8B008B2EE0 /* DashboardDetailsViewController.swift */; };
		62C7776C26382FA0008B2EE0 /* SearchParametersViewController.swift in Sources */ = {isa = PBXBuildFile; fileRef = 62C7776B26382FA0008B2EE0 /* SearchParametersViewController.swift */; };
		62C7776F26382FB1008B2EE0 /* MovieDetailsViewController.swift in Sources */ = {isa = PBXBuildFile; fileRef = 62C7776E26382FB1008B2EE0 /* MovieDetailsViewController.swift */; };
		62C7777226382FC4008B2EE0 /* ActorDetailsViewController.swift in Sources */ = {isa = PBXBuildFile; fileRef = 62C7777126382FC4008B2EE0 /* ActorDetailsViewController.swift */; };
		62C7777526382FF3008B2EE0 /* ReviewsViewController.swift in Sources */ = {isa = PBXBuildFile; fileRef = 62C7777426382FF3008B2EE0 /* ReviewsViewController.swift */; };
		62C7777826383011008B2EE0 /* WatchlistViewController.swift in Sources */ = {isa = PBXBuildFile; fileRef = 62C7777726383011008B2EE0 /* WatchlistViewController.swift */; };
		62C7777B2638301D008B2EE0 /* FavoritesViewController.swift in Sources */ = {isa = PBXBuildFile; fileRef = 62C7777A2638301D008B2EE0 /* FavoritesViewController.swift */; };
		62C7777E2638306C008B2EE0 /* AuthManager.swift in Sources */ = {isa = PBXBuildFile; fileRef = 62C7777D2638306C008B2EE0 /* AuthManager.swift */; };
		62C7778126383077008B2EE0 /* APICaller.swift in Sources */ = {isa = PBXBuildFile; fileRef = 62C7778026383077008B2EE0 /* APICaller.swift */; };
		62C777842638308A008B2EE0 /* HapticsManager.swift in Sources */ = {isa = PBXBuildFile; fileRef = 62C777832638308A008B2EE0 /* HapticsManager.swift */; };
		62C7778726384154008B2EE0 /* Movie.swift in Sources */ = {isa = PBXBuildFile; fileRef = 62C7778626384154008B2EE0 /* Movie.swift */; };
		62C7778A263841A9008B2EE0 /* MovieDetails.swift in Sources */ = {isa = PBXBuildFile; fileRef = 62C77789263841A9008B2EE0 /* MovieDetails.swift */; };
		62C7778D263841DB008B2EE0 /* Actor.swift in Sources */ = {isa = PBXBuildFile; fileRef = 62C7778C263841DB008B2EE0 /* Actor.swift */; };
		62C77790263841E8008B2EE0 /* ActorDetails.swift in Sources */ = {isa = PBXBuildFile; fileRef = 62C7778F263841E8008B2EE0 /* ActorDetails.swift */; };
		62C7779326384209008B2EE0 /* Review.swift in Sources */ = {isa = PBXBuildFile; fileRef = 62C7779226384209008B2EE0 /* Review.swift */; };
		62C77796263842DE008B2EE0 /* UserProfile.swift in Sources */ = {isa = PBXBuildFile; fileRef = 62C77795263842DE008B2EE0 /* UserProfile.swift */; };
		62C7779A263847C1008B2EE0 /* WelcomeViewController.swift in Sources */ = {isa = PBXBuildFile; fileRef = 62C77799263847C1008B2EE0 /* WelcomeViewController.swift */; };
		62D3A23F263991B1008346C7 /* Extensions.swift in Sources */ = {isa = PBXBuildFile; fileRef = 62D3A23E263991B1008346C7 /* Extensions.swift */; };
/* End PBXBuildFile section */

/* Begin PBXFileReference section */
		62A89BD8263A15C40051EADA /* AuthResponse.swift */ = {isa = PBXFileReference; lastKnownFileType = sourcecode.swift; path = AuthResponse.swift; sourceTree = "<group>"; };
		62C7772C26381D9E008B2EE0 /* whatToWatch.app */ = {isa = PBXFileReference; explicitFileType = wrapper.application; includeInIndex = 0; path = whatToWatch.app; sourceTree = BUILT_PRODUCTS_DIR; };
		62C7772F26381D9E008B2EE0 /* AppDelegate.swift */ = {isa = PBXFileReference; lastKnownFileType = sourcecode.swift; path = AppDelegate.swift; sourceTree = "<group>"; };
		62C7773126381D9E008B2EE0 /* SceneDelegate.swift */ = {isa = PBXFileReference; lastKnownFileType = sourcecode.swift; path = SceneDelegate.swift; sourceTree = "<group>"; };
		62C7773326381D9E008B2EE0 /* DashboardViewController.swift */ = {isa = PBXFileReference; lastKnownFileType = sourcecode.swift; path = DashboardViewController.swift; sourceTree = "<group>"; };
		62C7773826381D9F008B2EE0 /* Assets.xcassets */ = {isa = PBXFileReference; lastKnownFileType = folder.assetcatalog; path = Assets.xcassets; sourceTree = "<group>"; };
		62C7773B26381D9F008B2EE0 /* Base */ = {isa = PBXFileReference; lastKnownFileType = file.storyboard; name = Base; path = Base.lproj/LaunchScreen.storyboard; sourceTree = "<group>"; };
		62C7773D26381D9F008B2EE0 /* Info.plist */ = {isa = PBXFileReference; lastKnownFileType = text.plist.xml; path = Info.plist; sourceTree = "<group>"; };
		62C7775026382E90008B2EE0 /* TabBarViewController.swift */ = {isa = PBXFileReference; lastKnownFileType = sourcecode.swift; path = TabBarViewController.swift; sourceTree = "<group>"; };
		62C7775826382EE4008B2EE0 /* SearchViewController.swift */ = {isa = PBXFileReference; lastKnownFileType = sourcecode.swift; path = SearchViewController.swift; sourceTree = "<group>"; };
		62C7775B26382F13008B2EE0 /* ProfileViewController.swift */ = {isa = PBXFileReference; lastKnownFileType = sourcecode.swift; path = ProfileViewController.swift; sourceTree = "<group>"; };
		62C7776126382F4C008B2EE0 /* AuthViewController.swift */ = {isa = PBXFileReference; lastKnownFileType = sourcecode.swift; path = AuthViewController.swift; sourceTree = "<group>"; };
		62C7776526382F63008B2EE0 /* SettingsViewController.swift */ = {isa = PBXFileReference; lastKnownFileType = sourcecode.swift; path = SettingsViewController.swift; sourceTree = "<group>"; };
		62C7776826382F8B008B2EE0 /* DashboardDetailsViewController.swift */ = {isa = PBXFileReference; lastKnownFileType = sourcecode.swift; path = DashboardDetailsViewController.swift; sourceTree = "<group>"; };
		62C7776B26382FA0008B2EE0 /* SearchParametersViewController.swift */ = {isa = PBXFileReference; lastKnownFileType = sourcecode.swift; path = SearchParametersViewController.swift; sourceTree = "<group>"; };
		62C7776E26382FB1008B2EE0 /* MovieDetailsViewController.swift */ = {isa = PBXFileReference; lastKnownFileType = sourcecode.swift; path = MovieDetailsViewController.swift; sourceTree = "<group>"; };
		62C7777126382FC4008B2EE0 /* ActorDetailsViewController.swift */ = {isa = PBXFileReference; lastKnownFileType = sourcecode.swift; path = ActorDetailsViewController.swift; sourceTree = "<group>"; };
		62C7777426382FF3008B2EE0 /* ReviewsViewController.swift */ = {isa = PBXFileReference; lastKnownFileType = sourcecode.swift; path = ReviewsViewController.swift; sourceTree = "<group>"; };
		62C7777726383011008B2EE0 /* WatchlistViewController.swift */ = {isa = PBXFileReference; lastKnownFileType = sourcecode.swift; path = WatchlistViewController.swift; sourceTree = "<group>"; };
		62C7777A2638301D008B2EE0 /* FavoritesViewController.swift */ = {isa = PBXFileReference; lastKnownFileType = sourcecode.swift; path = FavoritesViewController.swift; sourceTree = "<group>"; };
		62C7777D2638306C008B2EE0 /* AuthManager.swift */ = {isa = PBXFileReference; lastKnownFileType = sourcecode.swift; path = AuthManager.swift; sourceTree = "<group>"; };
		62C7778026383077008B2EE0 /* APICaller.swift */ = {isa = PBXFileReference; lastKnownFileType = sourcecode.swift; path = APICaller.swift; sourceTree = "<group>"; };
		62C777832638308A008B2EE0 /* HapticsManager.swift */ = {isa = PBXFileReference; lastKnownFileType = sourcecode.swift; path = HapticsManager.swift; sourceTree = "<group>"; };
		62C7778626384154008B2EE0 /* Movie.swift */ = {isa = PBXFileReference; lastKnownFileType = sourcecode.swift; path = Movie.swift; sourceTree = "<group>"; };
		62C77789263841A9008B2EE0 /* MovieDetails.swift */ = {isa = PBXFileReference; lastKnownFileType = sourcecode.swift; path = MovieDetails.swift; sourceTree = "<group>"; };
		62C7778C263841DB008B2EE0 /* Actor.swift */ = {isa = PBXFileReference; lastKnownFileType = sourcecode.swift; path = Actor.swift; sourceTree = "<group>"; };
		62C7778F263841E8008B2EE0 /* ActorDetails.swift */ = {isa = PBXFileReference; lastKnownFileType = sourcecode.swift; path = ActorDetails.swift; sourceTree = "<group>"; };
		62C7779226384209008B2EE0 /* Review.swift */ = {isa = PBXFileReference; lastKnownFileType = sourcecode.swift; path = Review.swift; sourceTree = "<group>"; };
		62C77795263842DE008B2EE0 /* UserProfile.swift */ = {isa = PBXFileReference; lastKnownFileType = sourcecode.swift; path = UserProfile.swift; sourceTree = "<group>"; };
		62C77799263847C1008B2EE0 /* WelcomeViewController.swift */ = {isa = PBXFileReference; lastKnownFileType = sourcecode.swift; path = WelcomeViewController.swift; sourceTree = "<group>"; };
		62D3A23E263991B1008346C7 /* Extensions.swift */ = {isa = PBXFileReference; lastKnownFileType = sourcecode.swift; path = Extensions.swift; sourceTree = "<group>"; };
/* End PBXFileReference section */

/* Begin PBXFrameworksBuildPhase section */
		62C7772926381D9E008B2EE0 /* Frameworks */ = {
			isa = PBXFrameworksBuildPhase;
			buildActionMask = 2147483647;
			files = (
			);
			runOnlyForDeploymentPostprocessing = 0;
		};
/* End PBXFrameworksBuildPhase section */

/* Begin PBXGroup section */
		62C7772326381D9E008B2EE0 = {
			isa = PBXGroup;
			children = (
				62C7772E26381D9E008B2EE0 /* whatToWatch */,
				62C7772D26381D9E008B2EE0 /* Products */,
			);
			sourceTree = "<group>";
		};
		62C7772D26381D9E008B2EE0 /* Products */ = {
			isa = PBXGroup;
			children = (
				62C7772C26381D9E008B2EE0 /* whatToWatch.app */,
			);
			name = Products;
			sourceTree = "<group>";
		};
		62C7772E26381D9E008B2EE0 /* whatToWatch */ = {
			isa = PBXGroup;
			children = (
				62C7774926381E65008B2EE0 /* Resources */,
				62C7774826381E5F008B2EE0 /* Managers */,
				62C7774726381E58008B2EE0 /* ViewModels */,
				62C7774626381E53008B2EE0 /* Models */,
				62C7774526381E4F008B2EE0 /* Views */,
				62C7774426381E47008B2EE0 /* Controllers */,
				62C7773D26381D9F008B2EE0 /* Info.plist */,
			);
			path = whatToWatch;
			sourceTree = "<group>";
		};
		62C7774426381E47008B2EE0 /* Controllers */ = {
			isa = PBXGroup;
			children = (
				62C7776026382F39008B2EE0 /* Other */,
				62C7775E26382F30008B2EE0 /* Core */,
			);
			path = Controllers;
			sourceTree = "<group>";
		};
		62C7774526381E4F008B2EE0 /* Views */ = {
			isa = PBXGroup;
			children = (
				62C7773A26381D9F008B2EE0 /* LaunchScreen.storyboard */,
			);
			path = Views;
			sourceTree = "<group>";
		};
		62C7774626381E53008B2EE0 /* Models */ = {
			isa = PBXGroup;
			children = (
				62C7778626384154008B2EE0 /* Movie.swift */,
				62C77789263841A9008B2EE0 /* MovieDetails.swift */,
				62C7778C263841DB008B2EE0 /* Actor.swift */,
				62C7778F263841E8008B2EE0 /* ActorDetails.swift */,
				62C7779226384209008B2EE0 /* Review.swift */,
				62C77795263842DE008B2EE0 /* UserProfile.swift */,
				62A89BD8263A15C40051EADA /* AuthResponse.swift */,
			);
			path = Models;
			sourceTree = "<group>";
		};
		62C7774726381E58008B2EE0 /* ViewModels */ = {
			isa = PBXGroup;
			children = (
			);
			path = ViewModels;
			sourceTree = "<group>";
		};
		62C7774826381E5F008B2EE0 /* Managers */ = {
			isa = PBXGroup;
			children = (
				62C7777D2638306C008B2EE0 /* AuthManager.swift */,
				62C7778026383077008B2EE0 /* APICaller.swift */,
				62C777832638308A008B2EE0 /* HapticsManager.swift */,
			);
			path = Managers;
			sourceTree = "<group>";
		};
		62C7774926381E65008B2EE0 /* Resources */ = {
			isa = PBXGroup;
			children = (
				62C7773826381D9F008B2EE0 /* Assets.xcassets */,
				62C7772F26381D9E008B2EE0 /* AppDelegate.swift */,
				62C7773126381D9E008B2EE0 /* SceneDelegate.swift */,
				62D3A23E263991B1008346C7 /* Extensions.swift */,
			);
			path = Resources;
			sourceTree = "<group>";
		};
		62C7775E26382F30008B2EE0 /* Core */ = {
			isa = PBXGroup;
			children = (
				62C7775026382E90008B2EE0 /* TabBarViewController.swift */,
				62C7773326381D9E008B2EE0 /* DashboardViewController.swift */,
				62C7775826382EE4008B2EE0 /* SearchViewController.swift */,
				62C7775B26382F13008B2EE0 /* ProfileViewController.swift */,
			);
			path = Core;
			sourceTree = "<group>";
		};
		62C7776026382F39008B2EE0 /* Other */ = {
			isa = PBXGroup;
			children = (
				62C77799263847C1008B2EE0 /* WelcomeViewController.swift */,
				62C7776126382F4C008B2EE0 /* AuthViewController.swift */,
				62C7776526382F63008B2EE0 /* SettingsViewController.swift */,
				62C7776826382F8B008B2EE0 /* DashboardDetailsViewController.swift */,
				62C7776B26382FA0008B2EE0 /* SearchParametersViewController.swift */,
				62C7776E26382FB1008B2EE0 /* MovieDetailsViewController.swift */,
				62C7777126382FC4008B2EE0 /* ActorDetailsViewController.swift */,
				62C7777426382FF3008B2EE0 /* ReviewsViewController.swift */,
				62C7777726383011008B2EE0 /* WatchlistViewController.swift */,
				62C7777A2638301D008B2EE0 /* FavoritesViewController.swift */,
			);
			path = Other;
			sourceTree = "<group>";
		};
/* End PBXGroup section */

/* Begin PBXNativeTarget section */
		62C7772B26381D9E008B2EE0 /* whatToWatch */ = {
			isa = PBXNativeTarget;
			buildConfigurationList = 62C7774026381D9F008B2EE0 /* Build configuration list for PBXNativeTarget "whatToWatch" */;
			buildPhases = (
				62C7772826381D9E008B2EE0 /* Sources */,
				62C7772926381D9E008B2EE0 /* Frameworks */,
				62C7772A26381D9E008B2EE0 /* Resources */,
			);
			buildRules = (
			);
			dependencies = (
			);
			name = whatToWatch;
			productName = whatToWatch;
			productReference = 62C7772C26381D9E008B2EE0 /* whatToWatch.app */;
			productType = "com.apple.product-type.application";
		};
/* End PBXNativeTarget section */

/* Begin PBXProject section */
		62C7772426381D9E008B2EE0 /* Project object */ = {
			isa = PBXProject;
			attributes = {
				LastSwiftUpdateCheck = 1240;
				LastUpgradeCheck = 1240;
				TargetAttributes = {
					62C7772B26381D9E008B2EE0 = {
						CreatedOnToolsVersion = 12.4;
					};
				};
			};
			buildConfigurationList = 62C7772726381D9E008B2EE0 /* Build configuration list for PBXProject "whatToWatch" */;
			compatibilityVersion = "Xcode 9.3";
			developmentRegion = en;
			hasScannedForEncodings = 0;
			knownRegions = (
				en,
				Base,
			);
			mainGroup = 62C7772326381D9E008B2EE0;
			productRefGroup = 62C7772D26381D9E008B2EE0 /* Products */;
			projectDirPath = "";
			projectRoot = "";
			targets = (
				62C7772B26381D9E008B2EE0 /* whatToWatch */,
			);
		};
/* End PBXProject section */

/* Begin PBXResourcesBuildPhase section */
		62C7772A26381D9E008B2EE0 /* Resources */ = {
			isa = PBXResourcesBuildPhase;
			buildActionMask = 2147483647;
			files = (
				62C7773C26381D9F008B2EE0 /* LaunchScreen.storyboard in Resources */,
				62C7773926381D9F008B2EE0 /* Assets.xcassets in Resources */,
			);
			runOnlyForDeploymentPostprocessing = 0;
		};
/* End PBXResourcesBuildPhase section */

/* Begin PBXSourcesBuildPhase section */
		62C7772826381D9E008B2EE0 /* Sources */ = {
			isa = PBXSourcesBuildPhase;
			buildActionMask = 2147483647;
			files = (
				62C7778726384154008B2EE0 /* Movie.swift in Sources */,
				62C777842638308A008B2EE0 /* HapticsManager.swift in Sources */,
				62C7775C26382F13008B2EE0 /* ProfileViewController.swift in Sources */,
				62C7778D263841DB008B2EE0 /* Actor.swift in Sources */,
				62C7778A263841A9008B2EE0 /* MovieDetails.swift in Sources */,
				62C7775926382EE4008B2EE0 /* SearchViewController.swift in Sources */,
				62C7779A263847C1008B2EE0 /* WelcomeViewController.swift in Sources */,
				62C7775126382E90008B2EE0 /* TabBarViewController.swift in Sources */,
				62C7779326384209008B2EE0 /* Review.swift in Sources */,
				62C7776226382F4C008B2EE0 /* AuthViewController.swift in Sources */,
				62C7773426381D9E008B2EE0 /* DashboardViewController.swift in Sources */,
				62C7776F26382FB1008B2EE0 /* MovieDetailsViewController.swift in Sources */,
				62C7776926382F8B008B2EE0 /* DashboardDetailsViewController.swift in Sources */,
				62A89BD9263A15C40051EADA /* AuthResponse.swift in Sources */,
				62C7776C26382FA0008B2EE0 /* SearchParametersViewController.swift in Sources */,
				62C7777526382FF3008B2EE0 /* ReviewsViewController.swift in Sources */,
				62C7777E2638306C008B2EE0 /* AuthManager.swift in Sources */,
				62C7773026381D9E008B2EE0 /* AppDelegate.swift in Sources */,
				62C7777826383011008B2EE0 /* WatchlistViewController.swift in Sources */,
				62C7773226381D9E008B2EE0 /* SceneDelegate.swift in Sources */,
				62C7777226382FC4008B2EE0 /* ActorDetailsViewController.swift in Sources */,
				62C77790263841E8008B2EE0 /* ActorDetails.swift in Sources */,
				62D3A23F263991B1008346C7 /* Extensions.swift in Sources */,
				62C77796263842DE008B2EE0 /* UserProfile.swift in Sources */,
				62C7778126383077008B2EE0 /* APICaller.swift in Sources */,
				62C7777B2638301D008B2EE0 /* FavoritesViewController.swift in Sources */,
				62C7776626382F63008B2EE0 /* SettingsViewController.swift in Sources */,
			);
			runOnlyForDeploymentPostprocessing = 0;
		};
/* End PBXSourcesBuildPhase section */

/* Begin PBXVariantGroup section */
		62C7773A26381D9F008B2EE0 /* LaunchScreen.storyboard */ = {
			isa = PBXVariantGroup;
			children = (
				62C7773B26381D9F008B2EE0 /* Base */,
			);
			name = LaunchScreen.storyboard;
			sourceTree = "<group>";
		};
/* End PBXVariantGroup section */

/* Begin XCBuildConfiguration section */
		62C7773E26381D9F008B2EE0 /* Debug */ = {
			isa = XCBuildConfiguration;
			buildSettings = {
				ALWAYS_SEARCH_USER_PATHS = NO;
				CLANG_ANALYZER_NONNULL = YES;
				CLANG_ANALYZER_NUMBER_OBJECT_CONVERSION = YES_AGGRESSIVE;
				CLANG_CXX_LANGUAGE_STANDARD = "gnu++14";
				CLANG_CXX_LIBRARY = "libc++";
				CLANG_ENABLE_MODULES = YES;
				CLANG_ENABLE_OBJC_ARC = YES;
				CLANG_ENABLE_OBJC_WEAK = YES;
				CLANG_WARN_BLOCK_CAPTURE_AUTORELEASING = YES;
				CLANG_WARN_BOOL_CONVERSION = YES;
				CLANG_WARN_COMMA = YES;
				CLANG_WARN_CONSTANT_CONVERSION = YES;
				CLANG_WARN_DEPRECATED_OBJC_IMPLEMENTATIONS = YES;
				CLANG_WARN_DIRECT_OBJC_ISA_USAGE = YES_ERROR;
				CLANG_WARN_DOCUMENTATION_COMMENTS = YES;
				CLANG_WARN_EMPTY_BODY = YES;
				CLANG_WARN_ENUM_CONVERSION = YES;
				CLANG_WARN_INFINITE_RECURSION = YES;
				CLANG_WARN_INT_CONVERSION = YES;
				CLANG_WARN_NON_LITERAL_NULL_CONVERSION = YES;
				CLANG_WARN_OBJC_IMPLICIT_RETAIN_SELF = YES;
				CLANG_WARN_OBJC_LITERAL_CONVERSION = YES;
				CLANG_WARN_OBJC_ROOT_CLASS = YES_ERROR;
				CLANG_WARN_QUOTED_INCLUDE_IN_FRAMEWORK_HEADER = YES;
				CLANG_WARN_RANGE_LOOP_ANALYSIS = YES;
				CLANG_WARN_STRICT_PROTOTYPES = YES;
				CLANG_WARN_SUSPICIOUS_MOVE = YES;
				CLANG_WARN_UNGUARDED_AVAILABILITY = YES_AGGRESSIVE;
				CLANG_WARN_UNREACHABLE_CODE = YES;
				CLANG_WARN__DUPLICATE_METHOD_MATCH = YES;
				COPY_PHASE_STRIP = NO;
				DEBUG_INFORMATION_FORMAT = dwarf;
				ENABLE_STRICT_OBJC_MSGSEND = YES;
				ENABLE_TESTABILITY = YES;
				GCC_C_LANGUAGE_STANDARD = gnu11;
				GCC_DYNAMIC_NO_PIC = NO;
				GCC_NO_COMMON_BLOCKS = YES;
				GCC_OPTIMIZATION_LEVEL = 0;
				GCC_PREPROCESSOR_DEFINITIONS = (
					"DEBUG=1",
					"$(inherited)",
				);
				GCC_WARN_64_TO_32_BIT_CONVERSION = YES;
				GCC_WARN_ABOUT_RETURN_TYPE = YES_ERROR;
				GCC_WARN_UNDECLARED_SELECTOR = YES;
				GCC_WARN_UNINITIALIZED_AUTOS = YES_AGGRESSIVE;
				GCC_WARN_UNUSED_FUNCTION = YES;
				GCC_WARN_UNUSED_VARIABLE = YES;
				IPHONEOS_DEPLOYMENT_TARGET = 14.4;
				MTL_ENABLE_DEBUG_INFO = INCLUDE_SOURCE;
				MTL_FAST_MATH = YES;
				ONLY_ACTIVE_ARCH = YES;
				SDKROOT = iphoneos;
				SWIFT_ACTIVE_COMPILATION_CONDITIONS = DEBUG;
				SWIFT_OPTIMIZATION_LEVEL = "-Onone";
			};
			name = Debug;
		};
		62C7773F26381D9F008B2EE0 /* Release */ = {
			isa = XCBuildConfiguration;
			buildSettings = {
				ALWAYS_SEARCH_USER_PATHS = NO;
				CLANG_ANALYZER_NONNULL = YES;
				CLANG_ANALYZER_NUMBER_OBJECT_CONVERSION = YES_AGGRESSIVE;
				CLANG_CXX_LANGUAGE_STANDARD = "gnu++14";
				CLANG_CXX_LIBRARY = "libc++";
				CLANG_ENABLE_MODULES = YES;
				CLANG_ENABLE_OBJC_ARC = YES;
				CLANG_ENABLE_OBJC_WEAK = YES;
				CLANG_WARN_BLOCK_CAPTURE_AUTORELEASING = YES;
				CLANG_WARN_BOOL_CONVERSION = YES;
				CLANG_WARN_COMMA = YES;
				CLANG_WARN_CONSTANT_CONVERSION = YES;
				CLANG_WARN_DEPRECATED_OBJC_IMPLEMENTATIONS = YES;
				CLANG_WARN_DIRECT_OBJC_ISA_USAGE = YES_ERROR;
				CLANG_WARN_DOCUMENTATION_COMMENTS = YES;
				CLANG_WARN_EMPTY_BODY = YES;
				CLANG_WARN_ENUM_CONVERSION = YES;
				CLANG_WARN_INFINITE_RECURSION = YES;
				CLANG_WARN_INT_CONVERSION = YES;
				CLANG_WARN_NON_LITERAL_NULL_CONVERSION = YES;
				CLANG_WARN_OBJC_IMPLICIT_RETAIN_SELF = YES;
				CLANG_WARN_OBJC_LITERAL_CONVERSION = YES;
				CLANG_WARN_OBJC_ROOT_CLASS = YES_ERROR;
				CLANG_WARN_QUOTED_INCLUDE_IN_FRAMEWORK_HEADER = YES;
				CLANG_WARN_RANGE_LOOP_ANALYSIS = YES;
				CLANG_WARN_STRICT_PROTOTYPES = YES;
				CLANG_WARN_SUSPICIOUS_MOVE = YES;
				CLANG_WARN_UNGUARDED_AVAILABILITY = YES_AGGRESSIVE;
				CLANG_WARN_UNREACHABLE_CODE = YES;
				CLANG_WARN__DUPLICATE_METHOD_MATCH = YES;
				COPY_PHASE_STRIP = NO;
				DEBUG_INFORMATION_FORMAT = "dwarf-with-dsym";
				ENABLE_NS_ASSERTIONS = NO;
				ENABLE_STRICT_OBJC_MSGSEND = YES;
				GCC_C_LANGUAGE_STANDARD = gnu11;
				GCC_NO_COMMON_BLOCKS = YES;
				GCC_WARN_64_TO_32_BIT_CONVERSION = YES;
				GCC_WARN_ABOUT_RETURN_TYPE = YES_ERROR;
				GCC_WARN_UNDECLARED_SELECTOR = YES;
				GCC_WARN_UNINITIALIZED_AUTOS = YES_AGGRESSIVE;
				GCC_WARN_UNUSED_FUNCTION = YES;
				GCC_WARN_UNUSED_VARIABLE = YES;
				IPHONEOS_DEPLOYMENT_TARGET = 14.4;
				MTL_ENABLE_DEBUG_INFO = NO;
				MTL_FAST_MATH = YES;
				SDKROOT = iphoneos;
				SWIFT_COMPILATION_MODE = wholemodule;
				SWIFT_OPTIMIZATION_LEVEL = "-O";
				VALIDATE_PRODUCT = YES;
			};
			name = Release;
		};
		62C7774126381D9F008B2EE0 /* Debug */ = {
			isa = XCBuildConfiguration;
			buildSettings = {
				ASSETCATALOG_COMPILER_APPICON_NAME = AppIcon;
				ASSETCATALOG_COMPILER_GLOBAL_ACCENT_COLOR_NAME = AccentColor;
				CODE_SIGN_STYLE = Automatic;
				DEVELOPMENT_TEAM = 8SMZYRG753;
				INFOPLIST_FILE = whatToWatch/Info.plist;
				LD_RUNPATH_SEARCH_PATHS = (
					"$(inherited)",
					"@executable_path/Frameworks",
				);
				PRODUCT_BUNDLE_IDENTIFIER = nvm.whatToWatch;
				PRODUCT_NAME = "$(TARGET_NAME)";
				SWIFT_VERSION = 5.0;
				TARGETED_DEVICE_FAMILY = "1,2";
			};
			name = Debug;
		};
		62C7774226381D9F008B2EE0 /* Release */ = {
			isa = XCBuildConfiguration;
			buildSettings = {
				ASSETCATALOG_COMPILER_APPICON_NAME = AppIcon;
				ASSETCATALOG_COMPILER_GLOBAL_ACCENT_COLOR_NAME = AccentColor;
				CODE_SIGN_STYLE = Automatic;
				DEVELOPMENT_TEAM = 8SMZYRG753;
				INFOPLIST_FILE = whatToWatch/Info.plist;
				LD_RUNPATH_SEARCH_PATHS = (
					"$(inherited)",
					"@executable_path/Frameworks",
				);
				PRODUCT_BUNDLE_IDENTIFIER = nvm.whatToWatch;
				PRODUCT_NAME = "$(TARGET_NAME)";
				SWIFT_VERSION = 5.0;
				TARGETED_DEVICE_FAMILY = "1,2";
			};
			name = Release;
		};
/* End XCBuildConfiguration section */

/* Begin XCConfigurationList section */
		62C7772726381D9E008B2EE0 /* Build configuration list for PBXProject "whatToWatch" */ = {
			isa = XCConfigurationList;
			buildConfigurations = (
				62C7773E26381D9F008B2EE0 /* Debug */,
				62C7773F26381D9F008B2EE0 /* Release */,
			);
			defaultConfigurationIsVisible = 0;
			defaultConfigurationName = Release;
		};
		62C7774026381D9F008B2EE0 /* Build configuration list for PBXNativeTarget "whatToWatch" */ = {
			isa = XCConfigurationList;
			buildConfigurations = (
				62C7774126381D9F008B2EE0 /* Debug */,
				62C7774226381D9F008B2EE0 /* Release */,
			);
			defaultConfigurationIsVisible = 0;
			defaultConfigurationName = Release;
		};
/* End XCConfigurationList section */
	};
	rootObject = 62C7772426381D9E008B2EE0 /* Project object */;
}
